
Microsoft Visual Studio Solution File, Format Version 12.00
# Visual Studio Version 17
VisualStudioVersion = 17.5.33516.290
MinimumVisualStudioVersion = 10.0.40219.1
Project("{9A19103F-16F7-4668-BE54-9A1E7A4F7556}") = "EconomyModel", "EconomyModel\EconomyModel.csproj", "{1A4443E5-219F-48E5-81C4-784F00DB197D}"
EndProject
Project("{9A19103F-16F7-4668-BE54-9A1E7A4F7556}") = "EconomyModellingEngine", "EconomyModellingEngine\EconomyModellingEngine.csproj", "{6A19B2A5-A029-4C30-AD31-A58535447356}"
EndProject
Global
	GlobalSection(SolutionConfigurationPlatforms) = preSolution
		Debug|Any CPU = Debug|Any CPU
		Release|Any CPU = Release|Any CPU
	EndGlobalSection
	GlobalSection(ProjectConfigurationPlatforms) = postSolution
		{1A4443E5-219F-48E5-81C4-784F00DB197D}.Debug|Any CPU.ActiveCfg = Debug|Any CPU
		{1A4443E5-219F-48E5-81C4-784F00DB197D}.Debug|Any CPU.Build.0 = Debug|Any CPU
		{1A4443E5-219F-48E5-81C4-784F00DB197D}.Release|Any CPU.ActiveCfg = Release|Any CPU
		{1A4443E5-219F-48E5-81C4-784F00DB197D}.Release|Any CPU.Build.0 = Release|Any CPU
		{6A19B2A5-A029-4C30-AD31-A58535447356}.Debug|Any CPU.ActiveCfg = Debug|Any CPU
		{6A19B2A5-A029-4C30-AD31-A58535447356}.Debug|Any CPU.Build.0 = Debug|Any CPU
		{6A19B2A5-A029-4C30-AD31-A58535447356}.Release|Any CPU.ActiveCfg = Release|Any CPU
		{6A19B2A5-A029-4C30-AD31-A58535447356}.Release|Any CPU.Build.0 = Release|Any CPU
	EndGlobalSection
	GlobalSection(SolutionProperties) = preSolution
		HideSolutionNode = FALSE
	EndGlobalSection
	GlobalSection(ExtensibilityGlobals) = postSolution
		SolutionGuid = {D6967DDE-22BA-4ADB-A5C3-C79895E0BA69}
	EndGlobalSection
EndGlobal
